{
  "projects": [
    {
      "projectId": "seaQhLVS4bbjiGvJJrRwyL",
      "version": "15.0.0",
      "dependencies": {},
      "lang": "ts",
      "fileLocks": [
        {
          "assetId": "seaQhLVS4bbjiGvJJrRwyL",
          "type": "projectCss",
          "checksum": "eb2e6946f19939e50ea68ee8c3ff0f88"
        }
      ]
    },
    {
      "projectId": "vRFGcjoeyA4UNF36wYbYzx",
      "version": "latest",
      "dependencies": {
        "seaQhLVS4bbjiGvJJrRwyL": "15.0.0"
      },
      "lang": "ts",
      "fileLocks": [
        {
          "type": "globalVariant",
          "assetId": "0PIiFZrCbD1Amd",
          "checksum": "dbb3ef5bd158fa7c5699669826f20c86"
        },
        {
          "assetId": "vRFGcjoeyA4UNF36wYbYzx",
          "type": "projectCss",
          "checksum": "7a2f99926efa59ac045e2eaa31c9457a"
        },
        {
          "type": "renderModule",
          "assetId": "-8hPFUqkkd5Lo",
          "checksum": "defb69a9f6566879c2245005bb24d4b5"
        },
        {
          "type": "cssRules",
          "assetId": "-8hPFUqkkd5Lo",
          "checksum": "defb69a9f6566879c2245005bb24d4b5"
        },
        {
          "type": "renderModule",
          "assetId": "ITbe7eB3jNMGB",
          "checksum": "26e0b1e77bc0c5361e93f0c9cc99063a"
        },
        {
          "type": "cssRules",
          "assetId": "ITbe7eB3jNMGB",
          "checksum": "26e0b1e77bc0c5361e93f0c9cc99063a"
        },
        {
          "type": "renderModule",
          "assetId": "RB1d7UAtsY9KF",
          "checksum": "74ccb104b90c66f4c7dffe114b272023"
        },
        {
          "type": "cssRules",
          "assetId": "RB1d7UAtsY9KF",
          "checksum": "74ccb104b90c66f4c7dffe114b272023"
        },
        {
          "type": "renderModule",
          "assetId": "BR1u2LXXxtJOP",
          "checksum": "75fe467c38eff5353000b410ca42822d"
        },
        {
          "type": "cssRules",
          "assetId": "BR1u2LXXxtJOP",
          "checksum": "75fe467c38eff5353000b410ca42822d"
        },
        {
          "type": "renderModule",
          "assetId": "6rp-_kWhEVrW_",
          "checksum": "22b1e3786f8ed39226383cc5ed334ae8"
        },
        {
          "type": "cssRules",
          "assetId": "6rp-_kWhEVrW_",
          "checksum": "22b1e3786f8ed39226383cc5ed334ae8"
        },
        {
          "type": "renderModule",
          "assetId": "X2Z1M_8nWqSpR",
          "checksum": "2a2cbfd65b74ac149fc3d6a3131f268f"
        },
        {
          "type": "cssRules",
          "assetId": "X2Z1M_8nWqSpR",
          "checksum": "2a2cbfd65b74ac149fc3d6a3131f268f"
        },
        {
          "type": "renderModule",
          "assetId": "raDrVBBK3Owew",
          "checksum": "5cee996229f218c1c39d912f7c640d07"
        },
        {
          "type": "cssRules",
          "assetId": "raDrVBBK3Owew",
          "checksum": "5cee996229f218c1c39d912f7c640d07"
        },
        {
          "type": "renderModule",
          "assetId": "mp_w-V5o_HKs4",
          "checksum": "e8861ac9ae87ef75ccdc56e70e3a2a9b"
        },
        {
          "type": "cssRules",
          "assetId": "mp_w-V5o_HKs4",
          "checksum": "e8861ac9ae87ef75ccdc56e70e3a2a9b"
        },
        {
          "type": "renderModule",
          "assetId": "xxJVcDuq30Spg",
          "checksum": "800833b32619dc780d24d90ca9f9f35d"
        },
        {
          "type": "cssRules",
          "assetId": "xxJVcDuq30Spg",
          "checksum": "800833b32619dc780d24d90ca9f9f35d"
        },
        {
          "type": "renderModule",
          "assetId": "77F74dU3Tpm0J",
          "checksum": "d6970e9f80d3375393032b6c03606e52"
        },
        {
          "type": "cssRules",
          "assetId": "77F74dU3Tpm0J",
          "checksum": "d6970e9f80d3375393032b6c03606e52"
        },
        {
          "type": "renderModule",
          "assetId": "b6OKgKlIYm6_5",
          "checksum": "6fbfe8c263d8da7b747b877c228a81f7"
        },
        {
          "type": "cssRules",
          "assetId": "b6OKgKlIYm6_5",
          "checksum": "6fbfe8c263d8da7b747b877c228a81f7"
        },
        {
          "type": "renderModule",
          "assetId": "i96nygaM4vRoX",
          "checksum": "07e6e5df250b93f1142b2416a8e2d1ab"
        },
        {
          "type": "cssRules",
          "assetId": "i96nygaM4vRoX",
          "checksum": "07e6e5df250b93f1142b2416a8e2d1ab"
        },
        {
          "type": "renderModule",
          "assetId": "K7eqLu54m22a9",
          "checksum": "0ca9dccac0f628520e13a936a00dbe65"
        },
        {
          "type": "cssRules",
          "assetId": "K7eqLu54m22a9",
          "checksum": "0ca9dccac0f628520e13a936a00dbe65"
        },
        {
          "type": "renderModule",
          "assetId": "RmsD3K794v-Oq",
          "checksum": "50a23f76df2369994e82f3c656642815"
        },
        {
          "type": "cssRules",
          "assetId": "RmsD3K794v-Oq",
          "checksum": "50a23f76df2369994e82f3c656642815"
        },
        {
          "type": "renderModule",
          "assetId": "grZ4474C0u2vS",
          "checksum": "53ea67e07b9e5383d93d2bcfdaeab13b"
        },
        {
          "type": "cssRules",
          "assetId": "grZ4474C0u2vS",
          "checksum": "53ea67e07b9e5383d93d2bcfdaeab13b"
        },
        {
          "type": "renderModule",
          "assetId": "xhdKPH9WRsZQX",
          "checksum": "02934b5d8207d840037c376e058b8a7d"
        },
        {
          "type": "cssRules",
          "assetId": "xhdKPH9WRsZQX",
          "checksum": "02934b5d8207d840037c376e058b8a7d"
        },
        {
          "type": "renderModule",
          "assetId": "rft30UUNBM-6c",
          "checksum": "515216dbb459146c4598c9f64a1d1960"
        },
        {
          "type": "cssRules",
          "assetId": "rft30UUNBM-6c",
          "checksum": "515216dbb459146c4598c9f64a1d1960"
        },
        {
          "type": "renderModule",
          "assetId": "fBIVB4W4quhw8h",
          "checksum": "07b63d7caa52b72f6cb88639cf6fb9bc"
        },
        {
          "type": "cssRules",
          "assetId": "fBIVB4W4quhw8h",
          "checksum": "07b63d7caa52b72f6cb88639cf6fb9bc"
        },
        {
          "type": "renderModule",
          "assetId": "pErlshVejkHeaX",
          "checksum": "18c4112400ce7d623566e38fbb2880cd"
        },
        {
          "type": "cssRules",
          "assetId": "pErlshVejkHeaX",
          "checksum": "18c4112400ce7d623566e38fbb2880cd"
        },
        {
          "type": "renderModule",
          "assetId": "6gtTj1hdZZcO1x",
          "checksum": "2c5ba317cc07b81f5d3793bf8bdd5061"
        },
        {
          "type": "cssRules",
          "assetId": "6gtTj1hdZZcO1x",
          "checksum": "2c5ba317cc07b81f5d3793bf8bdd5061"
        },
        {
          "type": "renderModule",
          "assetId": "VBSNqHRTUj4Ppa",
          "checksum": "19803be527e76367df2000a6b3ab3a7c"
        },
        {
          "type": "cssRules",
          "assetId": "VBSNqHRTUj4Ppa",
          "checksum": "19803be527e76367df2000a6b3ab3a7c"
        },
        {
          "type": "renderModule",
          "assetId": "yeYgVamDDvBQSU",
          "checksum": "e6c438508a3f12d488d6a180b6f872e7"
        },
        {
          "type": "cssRules",
          "assetId": "yeYgVamDDvBQSU",
          "checksum": "e6c438508a3f12d488d6a180b6f872e7"
        },
        {
          "type": "renderModule",
          "assetId": "_Bdn71ggiIcQEJ",
          "checksum": "939618f0d69127bfc3f27c92528f3014"
        },
        {
          "type": "cssRules",
          "assetId": "_Bdn71ggiIcQEJ",
          "checksum": "939618f0d69127bfc3f27c92528f3014"
        },
        {
          "type": "renderModule",
          "assetId": "cY3KKnxwdgvMbc",
          "checksum": "ec0c66e2b26cb7db8aa1c815f84ead6d"
        },
        {
          "type": "cssRules",
          "assetId": "cY3KKnxwdgvMbc",
          "checksum": "ec0c66e2b26cb7db8aa1c815f84ead6d"
        },
        {
          "type": "renderModule",
          "assetId": "TSGvnOEFxSlgUC",
          "checksum": "4621a7e86511f75a5121d54b577fe264"
        },
        {
          "type": "cssRules",
          "assetId": "TSGvnOEFxSlgUC",
          "checksum": "4621a7e86511f75a5121d54b577fe264"
        },
        {
          "type": "renderModule",
          "assetId": "meefYOLOjb-nqC",
          "checksum": "74d9d030a82a39ae676d5f2d90ae6ba5"
        },
        {
          "type": "cssRules",
          "assetId": "meefYOLOjb-nqC",
          "checksum": "74d9d030a82a39ae676d5f2d90ae6ba5"
        },
        {
          "type": "icon",
          "assetId": "bCK8I3kTbJKrnP",
          "checksum": "2004362eef82d75d3387f09346766dd5"
        },
        {
          "type": "icon",
          "assetId": "pO73t_3UMmkyR5",
          "checksum": "c4edce76c679a3749f807c65729fbe3b"
        },
        {
          "type": "icon",
          "assetId": "EqfgjatM1Vc9o-",
          "checksum": "4fcb3cfec6aee35ca9d0fd7fd4369ccb"
        },
        {
          "type": "icon",
          "assetId": "yHPnLY3SonzCXq",
          "checksum": "c21a51cd649bae9f90614a0119e9f260"
        },
        {
          "type": "icon",
          "assetId": "t7rBQwk7vW9lnU",
          "checksum": "f244f7454c38caf3b66d4360ba5f9f88"
        },
        {
          "type": "icon",
          "assetId": "XXTmzgdchKWWpp",
          "checksum": "5474df23d913c0cb9fd4053c37f23e18"
        },
        {
          "type": "icon",
          "assetId": "FdHRaXukHVpLoX",
          "checksum": "a6da936c5cd607f4ffdd0cefcacef93e"
        },
        {
          "type": "icon",
          "assetId": "d4H8RVJ74qak0V",
          "checksum": "76420e107ce883da2e45d6f0275c4dc2"
        },
        {
          "type": "icon",
          "assetId": "BRdW-ssDQZmD0q",
          "checksum": "972475ebafaef24d98f0ae9f78c72ceb"
        },
        {
          "type": "icon",
          "assetId": "TykPuwdDOenIqe",
          "checksum": "70958798c2f00374dba946414b165b02"
        },
        {
          "type": "icon",
          "assetId": "oiBHSuxgIvQdbb",
          "checksum": "adc20194a1f065ce53c9b6adba4daf85"
        },
        {
          "type": "icon",
          "assetId": "vDJv2YRMbcYfdb",
          "checksum": "9662187c60f1c779368f23bdf973e98f"
        },
        {
          "type": "icon",
          "assetId": "cxK_n2y9tSs8c6",
          "checksum": "0a3c56b73a79de73fead790e42798a31"
        },
        {
          "type": "icon",
          "assetId": "O8cELlwSheXFtr",
          "checksum": "c3aaaad7eef4737a84b6ef3f5ba884af"
        },
        {
          "type": "icon",
          "assetId": "mQh4qhv-IEY7Ro",
          "checksum": "522db303045ac6c64d95374fbbf354c7"
        },
        {
          "type": "icon",
          "assetId": "1In4bv35iwlASX",
          "checksum": "b534f3f5da0ab4cd16338515a3f583a9"
        },
        {
          "type": "icon",
          "assetId": "cjIv470x8hkWnJ",
          "checksum": "dd7fa232ea229ade02b39cf33b443c9b"
        },
        {
          "type": "icon",
          "assetId": "MGBMabDiLfnBhH",
          "checksum": "d0fe5b84d1f1516068101e17fd6f8812"
        },
        {
          "type": "icon",
          "assetId": "ObY22WBvxPLnCr",
          "checksum": "82879e182e4f7610b87d32f57b18e2b9"
        },
        {
          "type": "icon",
          "assetId": "w6IRN4zFzZno9H",
          "checksum": "c6d7fbe1cd39c1e65a61e65ce3deb2fb"
        },
        {
          "type": "icon",
          "assetId": "Sd2-pTAvnwkFbk",
          "checksum": "04ea9cce6d77edc05ee5b6c7092c5171"
        },
        {
          "type": "image",
          "assetId": "MWErvnJynzR71T",
          "checksum": "d2f45752fc11eab83668ed66fc93f857"
        },
        {
          "type": "image",
          "assetId": "AJMXy3hCCfGvvQ",
          "checksum": "c40c90f00a0e93edea58f085037e78f7"
        },
        {
          "type": "image",
          "assetId": "HUfJcz5ruin751",
          "checksum": "2d4a2c0ec5f2ece1f2e6aa3b5f3467e3"
        },
        {
          "type": "image",
          "assetId": "wCfW9N903WnaZn",
          "checksum": "8354f761d9298f070bd9a6ecc95bf9fd"
        },
        {
          "type": "image",
          "assetId": "sVJFwizCE5-FB1",
          "checksum": "4a97aec6b7b93463b8f5e9f60a7ba73d"
        },
        {
          "type": "image",
          "assetId": "rg_xNA2igSPisB",
          "checksum": "c0e55aaf2024049797d7e521dd4e6939"
        },
        {
          "type": "image",
          "assetId": "-EF1a8hxDVafQ7",
          "checksum": "8ffa307b1dda51f2869b2f79bc3d9f7d"
        },
        {
          "type": "image",
          "assetId": "uOQjU_MmgPTmw5",
          "checksum": "efe8de6687dc353f53cad3950b2f8790"
        },
        {
          "type": "image",
          "assetId": "p6myvaXBByffvm",
          "checksum": "4a35e24306ddbf2c57c6a512d20c1a29"
        },
        {
          "type": "image",
          "assetId": "sNePGOELmyVe7y",
          "checksum": "0ec3119f10a4c432931be96ca89e3c31"
        },
        {
          "type": "image",
          "assetId": "WQLoHJZke-CK_K",
          "checksum": "1f870d013e053a0d652b062f2c1b96e0"
        },
        {
          "type": "image",
          "assetId": "Q8WUrlmwzz5i2j",
          "checksum": "6e3afc25e87681e5539fb8252d7067e4"
        },
        {
          "type": "image",
          "assetId": "AESyAtDfrmm6Tl",
          "checksum": "1028e3b4160ea43a8c6f7073e4f182c4"
        },
        {
          "type": "image",
          "assetId": "UXf7UL368P6VPZ",
          "checksum": "a0c801a98bc2324cc528e298795ae16c"
        },
        {
          "type": "image",
          "assetId": "7_NYub1qI_1NV0",
          "checksum": "a893bca97fbca07647c3ba1feeed4abd"
        },
        {
          "type": "image",
          "assetId": "YOqO9fVuRFfsgY",
          "checksum": "f70000d7324cdacad8023102e7a87e6b"
        },
        {
          "type": "image",
          "assetId": "Tp9IOUXmrjO5iF",
          "checksum": "c3abe6ba70ce66d43bbf2809c54141c2"
        },
        {
          "type": "image",
          "assetId": "w16AKt3eY9NAiZ",
          "checksum": "3c9b0b213de4dff9f2fbd7fc3d3eb1e4"
        },
        {
          "type": "image",
          "assetId": "ki9DUXeEQrLfEq",
          "checksum": "da6c557a9d5c911015f6647bd866af79"
        },
        {
          "type": "image",
          "assetId": "zMoDGc-dIheKoP",
          "checksum": "c7343cf0f682c87b6cf550477cba8bb9"
        }
      ]
    }
  ],
  "cliVersion": "0.1.134"
}
